golang.design/x/clipboard v0.7.1 h1:OEG3CmcYRBNnRwpDp7+uWLiZi3hrMRJpE9JkkkYtz2c=
golang.design/x/clipboard v0.7.1/go.mod h1:i5SiIqj0wLFw9P/1D7vfILFK0KHMk7ydE72HRrUIgkg=
golang.org/x/crypto v0.46.0 h1:cKRW/pmt1pKAfetfu+RCEvjvZkA9RimPbh7bhFjGVBU=
golang.org/x/crypto v0.46.0/go.mod h1:Evb/oLKmMraqjZ2iQTwDwvCtJkczlDuTmdJXoZVzqU0=
golang.org/x/exp/shiny v0.0.0-20251219203646-944ab1f22d93 h1:qODT4Ff4VDX3pRisdTn7PsxmYklbX/6iPIjz3yKB1n8=
golang.org/x/exp/shiny v0.0.0-20251219203646-944ab1f22d93/go.mod h1:QqbL1+y9e9D0Su+B9umI12TlEFXxVNGTpUai4t0pvgI=
golang.org/x/image v0.34.0 h1:33gCkyw9hmwbZJeZkct8XyR11yH889EQt/QH4VmXMn8=
golang.org/x/image v0.34.0/go.mod h1:2RNFBZRB+vnwwFil8GkMdRvrJOFd1AzdZI6vOY+eJVU=
golang.org/x/mobile v0.0.0-20251209145715-2553ed8ce294 h1:Cr6kbEvA6nqvdHynE4CtVKlqpZB9dS1Jva/6IsHA19g=
golang.org/x/mobile v0.0.0-20251209145715-2553ed8ce294/go.mod h1:RdZ+3sb4CVgpCFnzv+I4haEpwqFfsfzlLHs3L7ok+e0=
golang.org/x/sys v0.39.0 h1:CvCKL8MeisomCi6qNZ+wbb0DN9E5AATixKsvNtMoMFk=
golang.org/x/sys v0.39.0/go.mod h1:OgkHotnGiDImocRcuBABYBEXf8A9a87e/uXjp9XT3ks=
golang.org/x/term v0.38.0 h1:PQ5pkm/rLO6HnxFR7N2lJHOZX6Kez5Y1gDSJla6jo7Q=
golang.org/x/term v0.38.0/go.mod h1:bSEAKrOT1W+VSu9TSCMtoGEOUcKxOKgl3LE5QEF/xVg=
